
Microsoft Visual Studio Solution File, Format Version 12.00
# Visual Studio 15
VisualStudioVersion = 15.0.27703.2000
MinimumVisualStudioVersion = 10.0.40219.1
Project("{FAE04EC0-301F-11D3-BF4B-00C04F79EFBC}") = "PhotoShow", "PhotoShow\PhotoShow.csproj", "{6E30FCCA-9D8C-44F6-B486-BEDD9DBF9437}"
EndProject
Global
	GlobalSection(SolutionConfigurationPlatforms) = preSolution
		Debug|Any CPU = Debug|Any CPU
		Release|Any CPU = Release|Any CPU
	EndGlobalSection
	GlobalSection(ProjectConfigurationPlatforms) = postSolution
		{6E30FCCA-9D8C-44F6-B486-BEDD9DBF9437}.Debug|Any CPU.ActiveCfg = Debug|Any CPU
		{6E30FCCA-9D8C-44F6-B486-BEDD9DBF9437}.Debug|Any CPU.Build.0 = Debug|Any CPU
		{6E30FCCA-9D8C-44F6-B486-BEDD9DBF9437}.Release|Any CPU.ActiveCfg = Release|Any CPU
		{6E30FCCA-9D8C-44F6-B486-BEDD9DBF9437}.Release|Any CPU.Build.0 = Release|Any CPU
	EndGlobalSection
	GlobalSection(SolutionProperties) = preSolution
		HideSolutionNode = FALSE
	EndGlobalSection
	GlobalSection(ExtensibilityGlobals) = postSolution
		SolutionGuid = {716DBCC1-64D5-4054-8D2D-33B606ED478E}
	EndGlobalSection
EndGlobal
